
Microsoft Visual Studio Solution File, Format Version 12.00
# Visual Studio Version 17
VisualStudioVersion = 17.5.002.0
MinimumVisualStudioVersion = 10.0.40219.1
Project("{9A19103F-16F7-4668-BE54-9A1E7A4F7556}") = "DotNetWebApp", "DotNetWebApp.csproj", "{110E8B5A-7BBE-4AD4-8175-D7BBFA08307B}"
EndProject
Global
	GlobalSection(SolutionConfigurationPlatforms) = preSolution
		Debug|Any CPU = Debug|Any CPU
		Release|Any CPU = Release|Any CPU
	EndGlobalSection
	GlobalSection(ProjectConfigurationPlatforms) = postSolution
		{110E8B5A-7BBE-4AD4-8175-D7BBFA08307B}.Debug|Any CPU.ActiveCfg = Debug|Any CPU
		{110E8B5A-7BBE-4AD4-8175-D7BBFA08307B}.Debug|Any CPU.Build.0 = Debug|Any CPU
		{110E8B5A-7BBE-4AD4-8175-D7BBFA08307B}.Release|Any CPU.ActiveCfg = Release|Any CPU
		{110E8B5A-7BBE-4AD4-8175-D7BBFA08307B}.Release|Any CPU.Build.0 = Release|Any CPU
	EndGlobalSection
	GlobalSection(SolutionProperties) = preSolution
		HideSolutionNode = FALSE
	EndGlobalSection
	GlobalSection(ExtensibilityGlobals) = postSolution
		SolutionGuid = {FF156D6F-DB37-4CCA-8CBE-34949F64216D}
	EndGlobalSection
EndGlobal
